
Microsoft Visual Studio Solution File, Format Version 12.00
# Visual Studio 15
VisualStudioVersion = 15.0.27130.2024
MinimumVisualStudioVersion = 10.0.40219.1
Project("{9A19103F-16F7-4668-BE54-9A1E7A4F7556}") = "Application", "Application\Application.csproj", "{98A70AA6-34DA-4B97-92F6-FC906CF553EB}"
EndProject
Project("{9A19103F-16F7-4668-BE54-9A1E7A4F7556}") = "Domain", "Domain\Domain.csproj", "{FB6F34C9-1B4B-4E22-8EF4-9C28001B6E94}"
EndProject
Project("{9A19103F-16F7-4668-BE54-9A1E7A4F7556}") = "Repository", "Repository\Repository.csproj", "{3292FB5E-566B-4108-B27F-FB1BB1EAD319}"
EndProject
Project("{9A19103F-16F7-4668-BE54-9A1E7A4F7556}") = "WebjectTest", "WebjectTest\WebjectTest.csproj", "{668B11F9-E373-477B-8FD1-79BF936453D4}"
EndProject
Global
	GlobalSection(SolutionConfigurationPlatforms) = preSolution
		Debug|Any CPU = Debug|Any CPU
		Release|Any CPU = Release|Any CPU
	EndGlobalSection
	GlobalSection(ProjectConfigurationPlatforms) = postSolution
		{98A70AA6-34DA-4B97-92F6-FC906CF553EB}.Debug|Any CPU.ActiveCfg = Debug|Any CPU
		{98A70AA6-34DA-4B97-92F6-FC906CF553EB}.Debug|Any CPU.Build.0 = Debug|Any CPU
		{98A70AA6-34DA-4B97-92F6-FC906CF553EB}.Release|Any CPU.ActiveCfg = Release|Any CPU
		{98A70AA6-34DA-4B97-92F6-FC906CF553EB}.Release|Any CPU.Build.0 = Release|Any CPU
		{FB6F34C9-1B4B-4E22-8EF4-9C28001B6E94}.Debug|Any CPU.ActiveCfg = Debug|Any CPU
		{FB6F34C9-1B4B-4E22-8EF4-9C28001B6E94}.Debug|Any CPU.Build.0 = Debug|Any CPU
		{FB6F34C9-1B4B-4E22-8EF4-9C28001B6E94}.Release|Any CPU.ActiveCfg = Release|Any CPU
		{FB6F34C9-1B4B-4E22-8EF4-9C28001B6E94}.Release|Any CPU.Build.0 = Release|Any CPU
		{3292FB5E-566B-4108-B27F-FB1BB1EAD319}.Debug|Any CPU.ActiveCfg = Debug|Any CPU
		{3292FB5E-566B-4108-B27F-FB1BB1EAD319}.Debug|Any CPU.Build.0 = Debug|Any CPU
		{3292FB5E-566B-4108-B27F-FB1BB1EAD319}.Release|Any CPU.ActiveCfg = Release|Any CPU
		{3292FB5E-566B-4108-B27F-FB1BB1EAD319}.Release|Any CPU.Build.0 = Release|Any CPU
		{668B11F9-E373-477B-8FD1-79BF936453D4}.Debug|Any CPU.ActiveCfg = Debug|Any CPU
		{668B11F9-E373-477B-8FD1-79BF936453D4}.Debug|Any CPU.Build.0 = Debug|Any CPU
		{668B11F9-E373-477B-8FD1-79BF936453D4}.Release|Any CPU.ActiveCfg = Release|Any CPU
		{668B11F9-E373-477B-8FD1-79BF936453D4}.Release|Any CPU.Build.0 = Release|Any CPU
	EndGlobalSection
	GlobalSection(SolutionProperties) = preSolution
		HideSolutionNode = FALSE
	EndGlobalSection
	GlobalSection(ExtensibilityGlobals) = postSolution
		SolutionGuid = {57731FE9-AB2A-42E7-B3A1-8E3F04096049}
	EndGlobalSection
EndGlobal
