
Microsoft Visual Studio Solution File, Format Version 12.00
# Visual Studio 15
VisualStudioVersion = 15.0.27130.2024
MinimumVisualStudioVersion = 10.0.40219.1
Project("{9A19103F-16F7-4668-BE54-9A1E7A4F7556}") = "Application", "Application\Application.csproj", "{98A70AA6-34DA-4B97-92F6-FC906CF553EB}"
EndProject
Project("{9A19103F-16F7-4668-BE54-9A1E7A4F7556}") = "Webjet", "Webjet\Webjet.csproj", "{7BC6014F-DB2F-4835-B42C-8754CCA4B3DB}"
EndProject
Project("{FAE04EC0-301F-11D3-BF4B-00C04F79EFBC}") = "Infrastructure", "Infrastructure\Infrastructure.csproj", "{0FA019DD-E001-4734-8928-F891262E4DC1}"
EndProject
Global
	GlobalSection(SolutionConfigurationPlatforms) = preSolution
		Debug|Any CPU = Debug|Any CPU
		Release|Any CPU = Release|Any CPU
	EndGlobalSection
	GlobalSection(ProjectConfigurationPlatforms) = postSolution
		{98A70AA6-34DA-4B97-92F6-FC906CF553EB}.Debug|Any CPU.ActiveCfg = Debug|Any CPU
		{98A70AA6-34DA-4B97-92F6-FC906CF553EB}.Debug|Any CPU.Build.0 = Debug|Any CPU
		{98A70AA6-34DA-4B97-92F6-FC906CF553EB}.Release|Any CPU.ActiveCfg = Release|Any CPU
		{98A70AA6-34DA-4B97-92F6-FC906CF553EB}.Release|Any CPU.Build.0 = Release|Any CPU
		{7BC6014F-DB2F-4835-B42C-8754CCA4B3DB}.Debug|Any CPU.ActiveCfg = Debug|Any CPU
		{7BC6014F-DB2F-4835-B42C-8754CCA4B3DB}.Debug|Any CPU.Build.0 = Debug|Any CPU
		{7BC6014F-DB2F-4835-B42C-8754CCA4B3DB}.Release|Any CPU.ActiveCfg = Release|Any CPU
		{7BC6014F-DB2F-4835-B42C-8754CCA4B3DB}.Release|Any CPU.Build.0 = Release|Any CPU
		{0FA019DD-E001-4734-8928-F891262E4DC1}.Debug|Any CPU.ActiveCfg = Debug|Any CPU
		{0FA019DD-E001-4734-8928-F891262E4DC1}.Debug|Any CPU.Build.0 = Debug|Any CPU
		{0FA019DD-E001-4734-8928-F891262E4DC1}.Release|Any CPU.ActiveCfg = Release|Any CPU
		{0FA019DD-E001-4734-8928-F891262E4DC1}.Release|Any CPU.Build.0 = Release|Any CPU
	EndGlobalSection
	GlobalSection(SolutionProperties) = preSolution
		HideSolutionNode = FALSE
	EndGlobalSection
	GlobalSection(ExtensibilityGlobals) = postSolution
		SolutionGuid = {57731FE9-AB2A-42E7-B3A1-8E3F04096049}
	EndGlobalSection
EndGlobal
